# This file is autogenerated, do not edit; changes may be undone by the next 'dep ensure'.


[[projects]]
  branch = "v3.3"
  digest = "1:dc799d639ed0e725ee23666ad21b7c36d155edf453550a56363e0eeda06c45eb"
  name = "github.com/vulkan-go/glfw"
  packages = ["v3.3/glfw"]
  pruneopts = "UT"
  revision = "cac57eedc4a5d00773c5758e84764c0040e1aa28"

[solve-meta]
  analyzer-name = "dep"
  analyzer-version = 1
  input-imports = ["github.com/vulkan-go/glfw/v3.3/glfw"]
  solver-name = "gps-cdcl"
  solver-version = 1
