# This file is autogenerated, do not edit; changes may be undone by the next 'dep ensure'.


[[projects]]
  branch = "master"
  digest = "1:dfc16f39f657466836cb1c28bdbbe6c464afee09f920229a4dd38dccb0cdef4a"
  name = "github.com/vulkan-go/vulkan"
  packages = ["."]
  pruneopts = "UT"
  revision = "df48e8cc153843e64eedaf872453d6d07a77dd8c"

[solve-meta]
  analyzer-name = "dep"
  analyzer-version = 1
  input-imports = ["github.com/vulkan-go/vulkan"]
  solver-name = "gps-cdcl"
  solver-version = 1
